Microsoft Visual Studio Solution File, Format Version 12.00
# Visual Studio Version 17
VisualStudioVersion = 17.5.2.0
MinimumVisualStudioVersion = 10.0.40219.1
Project("{FAE04EC0-301F-11D3-BF4B-00C04F79EFBC}") = "CalculateTimeAngle", "CalculateTimeAngle.csproj", "{2BBAF9C6-0E90-6C27-B5BE-308AAB996985}"
EndProject
Global
	GlobalSection(SolutionConfigurationPlatforms) = preSolution
		Debug|Any CPU = Debug|Any CPU
		Release|Any CPU = Release|Any CPU
	EndGlobalSection
	GlobalSection(ProjectConfigurationPlatforms) = postSolution
		{2BBAF9C6-0E90-6C27-B5BE-308AAB996985}.Debug|Any CPU.ActiveCfg = Debug|Any CPU
		{2BBAF9C6-0E90-6C27-B5BE-308AAB996985}.Debug|Any CPU.Build.0 = Debug|Any CPU
		{2BBAF9C6-0E90-6C27-B5BE-308AAB996985}.Release|Any CPU.ActiveCfg = Release|Any CPU
		{2BBAF9C6-0E90-6C27-B5BE-308AAB996985}.Release|Any CPU.Build.0 = Release|Any CPU
	EndGlobalSection
	GlobalSection(SolutionProperties) = preSolution
		HideSolutionNode = FALSE
	EndGlobalSection
	GlobalSection(ExtensibilityGlobals) = postSolution
		SolutionGuid = {F2BE277E-3525-445A-9D45-BD3BD57A4D10}
	EndGlobalSection
EndGlobal
